
Microsoft Visual Studio Solution File, Format Version 12.00
# Visual Studio 15
VisualStudioVersion = 15.0.28307.421
MinimumVisualStudioVersion = 10.0.40219.1
Project("{8BC9CEB8-8B4A-11D0-8D11-00A0C91BC942}") = "structs", "structs\structs.vcxproj", "{48455288-1E01-4F40-AC82-2801F4732D92}"
EndProject
Global
	GlobalSection(SolutionConfigurationPlatforms) = preSolution
		Debug|x64 = Debug|x64
		Debug|x86 = Debug|x86
		Release|x64 = Release|x64
		Release|x86 = Release|x86
	EndGlobalSection
	GlobalSection(ProjectConfigurationPlatforms) = postSolution
		{48455288-1E01-4F40-AC82-2801F4732D92}.Debug|x64.ActiveCfg = Debug|x64
		{48455288-1E01-4F40-AC82-2801F4732D92}.Debug|x64.Build.0 = Debug|x64
		{48455288-1E01-4F40-AC82-2801F4732D92}.Debug|x86.ActiveCfg = Debug|Win32
		{48455288-1E01-4F40-AC82-2801F4732D92}.Debug|x86.Build.0 = Debug|Win32
		{48455288-1E01-4F40-AC82-2801F4732D92}.Release|x64.ActiveCfg = Release|x64
		{48455288-1E01-4F40-AC82-2801F4732D92}.Release|x64.Build.0 = Release|x64
		{48455288-1E01-4F40-AC82-2801F4732D92}.Release|x86.ActiveCfg = Release|Win32
		{48455288-1E01-4F40-AC82-2801F4732D92}.Release|x86.Build.0 = Release|Win32
	EndGlobalSection
	GlobalSection(SolutionProperties) = preSolution
		HideSolutionNode = FALSE
	EndGlobalSection
	GlobalSection(ExtensibilityGlobals) = postSolution
		SolutionGuid = {03332992-0E92-47E1-878B-1ACA3D8DE1AC}
	EndGlobalSection
EndGlobal
